version = 1
revision = 3
requires-python = "==3.10.5"

[[package]]
name = "numpy"
version = "1.23.0"
source = { registry = "https://pypi.org/simple" }
sdist = { url = "https://files.pythonhosted.org/packages/03/c6/14a17e10813b8db20d1e800ff9a3a898e65d25f2b0e9d6a94616f1e3362c/numpy-1.23.0.tar.gz", hash = "sha256:bd3fa4fe2e38533d5336e1272fc4e765cabbbde144309ccee8675509d5cd7b05", size = 10714532, upload-time = "2022-06-22T22:26:20.384Z" }
wheels = [
    { url = "https://files.pythonhosted.org/packages/86/65/fe6f20a40d05fc909cab9c3c17f259b03a1fbf87a6b3a7b92ca0376582e8/numpy-1.23.0-cp310-cp310-macosx_10_9_x86_64.whl", hash = "sha256:58bfd40eb478f54ff7a5710dd61c8097e169bc36cc68333d00a9bcd8def53b38", size = 18104449, upload-time = "2022-06-22T22:13:34.426Z" },
    { url = "https://files.pythonhosted.org/packages/e6/aa/323e1cf4f25025c6f67dcf179db754142f92847c9d592599dc01b78de460/numpy-1.23.0-cp310-cp310-macosx_11_0_arm64.whl", hash = "sha256:196cd074c3f97c4121601790955f915187736f9cf458d3ee1f1b46aff2b1ade0", size = 13338216, upload-time = "2022-06-22T22:13:55.015Z" },
    { url = "https://files.pythonhosted.org/packages/85/f9/06e90e66b9c4148ef044329da0a1c8e4f76bbf8f618a8367470f531b6433/numpy-1.23.0-cp310-cp310-manylinux_2_17_aarch64.manylinux2014_aarch64.whl", hash = "sha256:f1d88ef79e0a7fa631bb2c3dda1ea46b32b1fe614e10fedd611d3d5398447f2f", size = 13920917, upload-time = "2022-06-22T22:14:16.077Z" },
    { url = "https://files.pythonhosted.org/packages/7a/88/8404fbe4f6472e4e54106a8faacae1279a244422bc88f5ee3e33ba2dd72b/numpy-1.23.0-cp310-cp310-manylinux_2_17_x86_64.manylinux2014_x86_64.whl", hash = "sha256:d54b3b828d618a19779a84c3ad952e96e2c2311b16384e973e671aa5be1f6187", size = 17033638, upload-time = "2022-06-22T22:14:41.454Z" },
    { url = "https://files.pythonhosted.org/packages/0a/fb/03f410814f9321761f25faa257554671ff77c1a746e4641002ad90972773/numpy-1.23.0-cp310-cp310-win32.whl", hash = "sha256:2b2da66582f3a69c8ce25ed7921dcd8010d05e59ac8d89d126a299be60421171", size = 12187497, upload-time = "2022-06-22T22:15:01.164Z" },
    { url = "https://files.pythonhosted.org/packages/34/1c/1c9ec57f522822e7507fb5cf69b153f857405518d8f50fa4ff94f43385be/numpy-1.23.0-cp310-cp310-win_amd64.whl", hash = "sha256:97a76604d9b0e79f59baeca16593c711fddb44936e40310f78bfef79ee9a835f", size = 14636971, upload-time = "2022-06-22T22:15:23.758Z" },
]

[[package]]
name = "python-for-animation"
version = "0.1.0"
source = { virtual = "." }
dependencies = [
    { name = "numpy" },
]

[package.metadata]
requires-dist = [{ name = "numpy", specifier = "==1.23.0" }]
